
Microsoft Visual Studio Solution File, Format Version 12.00
# Visual Studio Version 17
VisualStudioVersion = 17.11.35222.181
MinimumVisualStudioVersion = 10.0.40219.1
Project("{FAE04EC0-301F-11D3-BF4B-00C04F79EFBC}") = "DMAutoTests", "DMAutoTests\DMAutoTests.csproj", "{674AE0D4-43D1-4E14-981B-F394682D43C8}"
EndProject
Global
	GlobalSection(SolutionConfigurationPlatforms) = preSolution
		Debug|Any CPU = Debug|Any CPU
		Release|Any CPU = Release|Any CPU
	EndGlobalSection
	GlobalSection(ProjectConfigurationPlatforms) = postSolution
		{674AE0D4-43D1-4E14-981B-F394682D43C8}.Debug|Any CPU.ActiveCfg = Debug|Any CPU
		{674AE0D4-43D1-4E14-981B-F394682D43C8}.Debug|Any CPU.Build.0 = Debug|Any CPU
		{674AE0D4-43D1-4E14-981B-F394682D43C8}.Release|Any CPU.ActiveCfg = Release|Any CPU
		{674AE0D4-43D1-4E14-981B-F394682D43C8}.Release|Any CPU.Build.0 = Release|Any CPU
	EndGlobalSection
	GlobalSection(SolutionProperties) = preSolution
		HideSolutionNode = FALSE
	EndGlobalSection
	GlobalSection(ExtensibilityGlobals) = postSolution
		SolutionGuid = {CE321D47-65BF-46A2-A383-E0263A4C233D}
	EndGlobalSection
EndGlobal
